
Microsoft Visual Studio Solution File, Format Version 12.00
# Visual Studio Version 16
VisualStudioVersion = 16.0.29709.97
MinimumVisualStudioVersion = 10.0.40219.1
Project("{FAE04EC0-301F-11D3-BF4B-00C04F79EFBC}") = "Kullanıcılı Proje", "Kullanıcılı Proje\Kullanıcılı Proje.csproj", "{2A95862F-093F-42EC-8D18-AF637675C294}"
EndProject
Project("{2150E333-8FDC-42A3-9474-1A3956D46DE8}") = "Solution Items", "Solution Items", "{12B13C5B-B22E-4D9A-939B-5C9D56109CD4}"
	ProjectSection(SolutionItems) = preProject
		.editorconfig = .editorconfig
	EndProjectSection
EndProject
Global
	GlobalSection(SolutionConfigurationPlatforms) = preSolution
		Debug|Any CPU = Debug|Any CPU
		Release|Any CPU = Release|Any CPU
	EndGlobalSection
	GlobalSection(ProjectConfigurationPlatforms) = postSolution
		{2A95862F-093F-42EC-8D18-AF637675C294}.Debug|Any CPU.ActiveCfg = Debug|Any CPU
		{2A95862F-093F-42EC-8D18-AF637675C294}.Debug|Any CPU.Build.0 = Debug|Any CPU
		{2A95862F-093F-42EC-8D18-AF637675C294}.Release|Any CPU.ActiveCfg = Release|Any CPU
		{2A95862F-093F-42EC-8D18-AF637675C294}.Release|Any CPU.Build.0 = Release|Any CPU
	EndGlobalSection
	GlobalSection(SolutionProperties) = preSolution
		HideSolutionNode = FALSE
	EndGlobalSection
	GlobalSection(ExtensibilityGlobals) = postSolution
		SolutionGuid = {68819B6B-89FA-446C-A1BE-BC7345CEFF66}
	EndGlobalSection
EndGlobal
