
Microsoft Visual Studio Solution File, Format Version 12.00
# Visual Studio Version 16
VisualStudioVersion = 16.0.29709.97
MinimumVisualStudioVersion = 10.0.40219.1
Project("{FAE04EC0-301F-11D3-BF4B-00C04F79EFBC}") = "ReenaDB", "ReenaDB\ReenaDB.csproj", "{080D21EB-FD80-49ED-93F3-90133D819F3E}"
EndProject
Global
	GlobalSection(SolutionConfigurationPlatforms) = preSolution
		Debug|Any CPU = Debug|Any CPU
		Release|Any CPU = Release|Any CPU
	EndGlobalSection
	GlobalSection(ProjectConfigurationPlatforms) = postSolution
		{080D21EB-FD80-49ED-93F3-90133D819F3E}.Debug|Any CPU.ActiveCfg = Debug|Any CPU
		{080D21EB-FD80-49ED-93F3-90133D819F3E}.Debug|Any CPU.Build.0 = Debug|Any CPU
		{080D21EB-FD80-49ED-93F3-90133D819F3E}.Release|Any CPU.ActiveCfg = Release|Any CPU
		{080D21EB-FD80-49ED-93F3-90133D819F3E}.Release|Any CPU.Build.0 = Release|Any CPU
	EndGlobalSection
	GlobalSection(SolutionProperties) = preSolution
		HideSolutionNode = FALSE
	EndGlobalSection
	GlobalSection(ExtensibilityGlobals) = postSolution
		SolutionGuid = {F3B2557B-F845-437D-A5D9-6C7CDEC1880C}
	EndGlobalSection
EndGlobal
