
Microsoft Visual Studio Solution File, Format Version 12.00
# Visual Studio Version 16
VisualStudioVersion = 16.0.29709.97
MinimumVisualStudioVersion = 10.0.40219.1
Project("{FAE04EC0-301F-11D3-BF4B-00C04F79EFBC}") = "Matematik Menüsü", "Matematik Menüsü\Matematik Menüsü.csproj", "{96CAC2C3-C552-4B2A-9087-1085B1100EEF}"
EndProject
Global
	GlobalSection(SolutionConfigurationPlatforms) = preSolution
		Debug|Any CPU = Debug|Any CPU
		Release|Any CPU = Release|Any CPU
	EndGlobalSection
	GlobalSection(ProjectConfigurationPlatforms) = postSolution
		{96CAC2C3-C552-4B2A-9087-1085B1100EEF}.Debug|Any CPU.ActiveCfg = Debug|Any CPU
		{96CAC2C3-C552-4B2A-9087-1085B1100EEF}.Debug|Any CPU.Build.0 = Debug|Any CPU
		{96CAC2C3-C552-4B2A-9087-1085B1100EEF}.Release|Any CPU.ActiveCfg = Release|Any CPU
		{96CAC2C3-C552-4B2A-9087-1085B1100EEF}.Release|Any CPU.Build.0 = Release|Any CPU
	EndGlobalSection
	GlobalSection(SolutionProperties) = preSolution
		HideSolutionNode = FALSE
	EndGlobalSection
	GlobalSection(ExtensibilityGlobals) = postSolution
		SolutionGuid = {53010933-AC96-467C-B3F8-520E6967A645}
	EndGlobalSection
EndGlobal
